{
    "ok": {
        "title": "test",
        "excerpt": "This is a test.",
        "image": "",
        "date": "April 3, 2019",
        "comments": []
    },
    "this": {
        "title": "this",
        "excerpt": "My personal website",
        "image": "https://sumanthratna.gq/blog/this/img.jpg",
        "date": "March 7, 2019",
        "comments": []
    },
    "hello-world": {
        "title": "Hello World",
        "excerpt": "This is my greeting to the world.",
        "image": "https://sumanthratna.gq/blog/hello-world/img.jpg",
        "date": "March 6, 2019",
        "comments": []
    }
}